
Microsoft Visual Studio Solution File, Format Version 12.00
# Visual Studio Version 17
VisualStudioVersion = 17.9.34607.119
MinimumVisualStudioVersion = 10.0.40219.1
Project("{8BC9CEB8-8B4A-11D0-8D11-00A0C91BC942}") = "lab_ 10", "lab_ 10\lab_ 10.vcxproj", "{A7DF3734-6FD0-40BE-A95F-A329ABB14025}"
EndProject
Global
	GlobalSection(SolutionConfigurationPlatforms) = preSolution
		Debug|x64 = Debug|x64
		Debug|x86 = Debug|x86
		Release|x64 = Release|x64
		Release|x86 = Release|x86
	EndGlobalSection
	GlobalSection(ProjectConfigurationPlatforms) = postSolution
		{A7DF3734-6FD0-40BE-A95F-A329ABB14025}.Debug|x64.ActiveCfg = Debug|x64
		{A7DF3734-6FD0-40BE-A95F-A329ABB14025}.Debug|x64.Build.0 = Debug|x64
		{A7DF3734-6FD0-40BE-A95F-A329ABB14025}.Debug|x86.ActiveCfg = Debug|Win32
		{A7DF3734-6FD0-40BE-A95F-A329ABB14025}.Debug|x86.Build.0 = Debug|Win32
		{A7DF3734-6FD0-40BE-A95F-A329ABB14025}.Release|x64.ActiveCfg = Release|x64
		{A7DF3734-6FD0-40BE-A95F-A329ABB14025}.Release|x64.Build.0 = Release|x64
		{A7DF3734-6FD0-40BE-A95F-A329ABB14025}.Release|x86.ActiveCfg = Release|Win32
		{A7DF3734-6FD0-40BE-A95F-A329ABB14025}.Release|x86.Build.0 = Release|Win32
	EndGlobalSection
	GlobalSection(SolutionProperties) = preSolution
		HideSolutionNode = FALSE
	EndGlobalSection
	GlobalSection(ExtensibilityGlobals) = postSolution
		SolutionGuid = {59005F0F-9060-40CB-8134-AC6B2F669515}
	EndGlobalSection
EndGlobal
